
Microsoft Visual Studio Solution File, Format Version 12.00
# Visual Studio Version 16
VisualStudioVersion = 16.0.29418.71
MinimumVisualStudioVersion = 10.0.40219.1
Project("{FAE04EC0-301F-11D3-BF4B-00C04F79EFBC}") = "kudryavka", "kudryavka\kudryavka.csproj", "{B8E0285D-09C9-40EB-9C8C-5E766B78BAFA}"
EndProject
Global
	GlobalSection(SolutionConfigurationPlatforms) = preSolution
		Debug|Any CPU = Debug|Any CPU
		Release|Any CPU = Release|Any CPU
	EndGlobalSection
	GlobalSection(ProjectConfigurationPlatforms) = postSolution
		{B8E0285D-09C9-40EB-9C8C-5E766B78BAFA}.Debug|Any CPU.ActiveCfg = Debug|Any CPU
		{B8E0285D-09C9-40EB-9C8C-5E766B78BAFA}.Debug|Any CPU.Build.0 = Debug|Any CPU
		{B8E0285D-09C9-40EB-9C8C-5E766B78BAFA}.Release|Any CPU.ActiveCfg = Release|Any CPU
		{B8E0285D-09C9-40EB-9C8C-5E766B78BAFA}.Release|Any CPU.Build.0 = Release|Any CPU
	EndGlobalSection
	GlobalSection(SolutionProperties) = preSolution
		HideSolutionNode = FALSE
	EndGlobalSection
	GlobalSection(ExtensibilityGlobals) = postSolution
		SolutionGuid = {5DE5498B-58C9-4698-8134-42D145A84777}
	EndGlobalSection
EndGlobal
